
Microsoft Visual Studio Solution File, Format Version 12.00
Project("{FAE04EC0-301F-11D3-BF4B-00C04F79EFBC}") = "AdobeServices.Library", "AdobeServices.Library\AdobeServices.Library.csproj", "{B6489A95-46B5-4D12-9C11-EDF9D00F8146}"
EndProject
Project("{FAE04EC0-301F-11D3-BF4B-00C04F79EFBC}") = "AdobeServices.Test", "AdobeServices.Test\AdobeServices.Test.csproj", "{FD5F9E1C-D588-4EBD-BC20-2C7134DD6AF7}"
EndProject
Global
	GlobalSection(SolutionConfigurationPlatforms) = preSolution
		Debug|Any CPU = Debug|Any CPU
		Release|Any CPU = Release|Any CPU
	EndGlobalSection
	GlobalSection(ProjectConfigurationPlatforms) = postSolution
		{B6489A95-46B5-4D12-9C11-EDF9D00F8146}.Debug|Any CPU.ActiveCfg = Debug|Any CPU
		{B6489A95-46B5-4D12-9C11-EDF9D00F8146}.Debug|Any CPU.Build.0 = Debug|Any CPU
		{B6489A95-46B5-4D12-9C11-EDF9D00F8146}.Release|Any CPU.ActiveCfg = Release|Any CPU
		{B6489A95-46B5-4D12-9C11-EDF9D00F8146}.Release|Any CPU.Build.0 = Release|Any CPU
		{FD5F9E1C-D588-4EBD-BC20-2C7134DD6AF7}.Debug|Any CPU.ActiveCfg = Debug|Any CPU
		{FD5F9E1C-D588-4EBD-BC20-2C7134DD6AF7}.Debug|Any CPU.Build.0 = Debug|Any CPU
		{FD5F9E1C-D588-4EBD-BC20-2C7134DD6AF7}.Release|Any CPU.ActiveCfg = Release|Any CPU
		{FD5F9E1C-D588-4EBD-BC20-2C7134DD6AF7}.Release|Any CPU.Build.0 = Release|Any CPU
	EndGlobalSection
EndGlobal
